
Microsoft Visual Studio Solution File, Format Version 12.00
# Visual Studio 15
VisualStudioVersion = 15.0.28307.1340
MinimumVisualStudioVersion = 10.0.40219.1
Project("{FAE04EC0-301F-11D3-BF4B-00C04F79EFBC}") = "Server_Chat", "Server_Chat\Server_Chat.csproj", "{9AA16651-CC82-4959-8330-7D7213DA2640}"
EndProject
Global
	GlobalSection(SolutionConfigurationPlatforms) = preSolution
		Debug|Any CPU = Debug|Any CPU
		Release|Any CPU = Release|Any CPU
	EndGlobalSection
	GlobalSection(ProjectConfigurationPlatforms) = postSolution
		{9AA16651-CC82-4959-8330-7D7213DA2640}.Debug|Any CPU.ActiveCfg = Debug|Any CPU
		{9AA16651-CC82-4959-8330-7D7213DA2640}.Debug|Any CPU.Build.0 = Debug|Any CPU
		{9AA16651-CC82-4959-8330-7D7213DA2640}.Release|Any CPU.ActiveCfg = Release|Any CPU
		{9AA16651-CC82-4959-8330-7D7213DA2640}.Release|Any CPU.Build.0 = Release|Any CPU
	EndGlobalSection
	GlobalSection(SolutionProperties) = preSolution
		HideSolutionNode = FALSE
	EndGlobalSection
	GlobalSection(ExtensibilityGlobals) = postSolution
		SolutionGuid = {CD8E72A5-529A-436D-B6B5-A3BE597B1B6F}
	EndGlobalSection
EndGlobal
